
Microsoft Visual Studio Solution File, Format Version 12.00
# Visual Studio Version 17
VisualStudioVersion = 17.11.35222.181
MinimumVisualStudioVersion = 10.0.40219.1
Project("{9A19103F-16F7-4668-BE54-9A1E7A4F7556}") = "GenerateWaves", "sci7\GenerateWaves.csproj", "{A555D490-AEA4-4AD3-95E1-B48692868381}"
EndProject
Global
	GlobalSection(SolutionConfigurationPlatforms) = preSolution
		Debug|Any CPU = Debug|Any CPU
		Release|Any CPU = Release|Any CPU
	EndGlobalSection
	GlobalSection(ProjectConfigurationPlatforms) = postSolution
		{A555D490-AEA4-4AD3-95E1-B48692868381}.Debug|Any CPU.ActiveCfg = Debug|Any CPU
		{A555D490-AEA4-4AD3-95E1-B48692868381}.Debug|Any CPU.Build.0 = Debug|Any CPU
		{A555D490-AEA4-4AD3-95E1-B48692868381}.Release|Any CPU.ActiveCfg = Release|Any CPU
		{A555D490-AEA4-4AD3-95E1-B48692868381}.Release|Any CPU.Build.0 = Release|Any CPU
	EndGlobalSection
	GlobalSection(SolutionProperties) = preSolution
		HideSolutionNode = FALSE
	EndGlobalSection
	GlobalSection(ExtensibilityGlobals) = postSolution
		SolutionGuid = {8D0F1E26-E2C2-4C98-A0B8-CFC4F3825496}
	EndGlobalSection
EndGlobal
